
Microsoft Visual Studio Solution File, Format Version 12.00
# Visual Studio Version 16
VisualStudioVersion = 16.0.31313.79
MinimumVisualStudioVersion = 10.0.40219.1
Project("{FAE04EC0-301F-11D3-BF4B-00C04F79EFBC}") = "StudentApi", "StudentApi.csproj", "{D5A6519A-6214-4393-9EAD-FD7426EEEE32}"
EndProject
Global
	GlobalSection(SolutionConfigurationPlatforms) = preSolution
		Debug|Any CPU = Debug|Any CPU
		Release|Any CPU = Release|Any CPU
	EndGlobalSection
	GlobalSection(ProjectConfigurationPlatforms) = postSolution
		{D5A6519A-6214-4393-9EAD-FD7426EEEE32}.Debug|Any CPU.ActiveCfg = Debug|Any CPU
		{D5A6519A-6214-4393-9EAD-FD7426EEEE32}.Debug|Any CPU.Build.0 = Debug|Any CPU
		{D5A6519A-6214-4393-9EAD-FD7426EEEE32}.Release|Any CPU.ActiveCfg = Release|Any CPU
		{D5A6519A-6214-4393-9EAD-FD7426EEEE32}.Release|Any CPU.Build.0 = Release|Any CPU
	EndGlobalSection
	GlobalSection(SolutionProperties) = preSolution
		HideSolutionNode = FALSE
	EndGlobalSection
	GlobalSection(ExtensibilityGlobals) = postSolution
		SolutionGuid = {37C087A1-B005-48B5-B21D-1535B362C849}
	EndGlobalSection
EndGlobal
